// !$*UTF8*$!
{
	archiveVersion = 1;
	classes = {
	};
	objectVersion = 56;
	objects = {

/* Begin PBXBuildFile section */
		3936C6DD2A519373002B42E9 /* AppDelegate.swift in Sources */ = {isa = PBXBuildFile; fileRef = 3936C6DC2A519373002B42E9 /* AppDelegate.swift */; };
		3936C6DF2A519373002B42E9 /* SceneDelegate.swift in Sources */ = {isa = PBXBuildFile; fileRef = 3936C6DE2A519373002B42E9 /* SceneDelegate.swift */; };
		3936C6E12A519373002B42E9 /* ViewController.swift in Sources */ = {isa = PBXBuildFile; fileRef = 3936C6E02A519373002B42E9 /* ViewController.swift */; };
		3936C6E62A519376002B42E9 /* Assets.xcassets in Resources */ = {isa = PBXBuildFile; fileRef = 3936C6E52A519376002B42E9 /* Assets.xcassets */; };
		3936C6E92A519376002B42E9 /* LaunchScreen.storyboard in Resources */ = {isa = PBXBuildFile; fileRef = 3936C6E72A519376002B42E9 /* LaunchScreen.storyboard */; };
		3936C6F12A51B6BF002B42E9 /* SwiftUIView.swift in Sources */ = {isa = PBXBuildFile; fileRef = 3936C6F02A51B6BF002B42E9 /* SwiftUIView.swift */; };
		3987E34A2A585F7A0074CD7B /* PlaceAnnotation.swift in Sources */ = {isa = PBXBuildFile; fileRef = 3987E3492A585F7A0074CD7B /* PlaceAnnotation.swift */; };
		3987E34D2A5860B90074CD7B /* CLLocation+Extension.swift in Sources */ = {isa = PBXBuildFile; fileRef = 3987E34C2A5860B80074CD7B /* CLLocation+Extension.swift */; };
/* End PBXBuildFile section */

/* Begin PBXFileReference section */
		3936C6D92A519373002B42E9 /* NearMeApp.app */ = {isa = PBXFileReference; explicitFileType = wrapper.application; includeInIndex = 0; path = NearMeApp.app; sourceTree = BUILT_PRODUCTS_DIR; };
		3936C6DC2A519373002B42E9 /* AppDelegate.swift */ = {isa = PBXFileReference; lastKnownFileType = sourcecode.swift; path = AppDelegate.swift; sourceTree = "<group>"; };
		3936C6DE2A519373002B42E9 /* SceneDelegate.swift */ = {isa = PBXFileReference; lastKnownFileType = sourcecode.swift; path = SceneDelegate.swift; sourceTree = "<group>"; };
		3936C6E02A519373002B42E9 /* ViewController.swift */ = {isa = PBXFileReference; lastKnownFileType = sourcecode.swift; path = ViewController.swift; sourceTree = "<group>"; };
		3936C6E52A519376002B42E9 /* Assets.xcassets */ = {isa = PBXFileReference; lastKnownFileType = folder.assetcatalog; path = Assets.xcassets; sourceTree = "<group>"; };
		3936C6E82A519376002B42E9 /* Base */ = {isa = PBXFileReference; lastKnownFileType = file.storyboard; name = Base; path = Base.lproj/LaunchScreen.storyboard; sourceTree = "<group>"; };
		3936C6EA2A519376002B42E9 /* Info.plist */ = {isa = PBXFileReference; lastKnownFileType = text.plist.xml; path = Info.plist; sourceTree = "<group>"; };
		3936C6F02A51B6BF002B42E9 /* SwiftUIView.swift */ = {isa = PBXFileReference; lastKnownFileType = sourcecode.swift; path = SwiftUIView.swift; sourceTree = "<group>"; };
		3987E3492A585F7A0074CD7B /* PlaceAnnotation.swift */ = {isa = PBXFileReference; lastKnownFileType = sourcecode.swift; path = PlaceAnnotation.swift; sourceTree = "<group>"; };
		3987E34C2A5860B80074CD7B /* CLLocation+Extension.swift */ = {isa = PBXFileReference; lastKnownFileType = sourcecode.swift; path = "CLLocation+Extension.swift"; sourceTree = "<group>"; };
/* End PBXFileReference section */

/* Begin PBXFrameworksBuildPhase section */
		3936C6D62A519373002B42E9 /* Frameworks */ = {
			isa = PBXFrameworksBuildPhase;
			buildActionMask = 2147483647;
			files = (
			);
			runOnlyForDeploymentPostprocessing = 0;
		};
/* End PBXFrameworksBuildPhase section */

/* Begin PBXGroup section */
		3936C6D02A519373002B42E9 = {
			isa = PBXGroup;
			children = (
				3936C6DB2A519373002B42E9 /* NearMeApp */,
				3936C6DA2A519373002B42E9 /* Products */,
			);
			sourceTree = "<group>";
		};
		3936C6DA2A519373002B42E9 /* Products */ = {
			isa = PBXGroup;
			children = (
				3936C6D92A519373002B42E9 /* NearMeApp.app */,
			);
			name = Products;
			sourceTree = "<group>";
		};
		3936C6DB2A519373002B42E9 /* NearMeApp */ = {
			isa = PBXGroup;
			children = (
				3987E34B2A58604C0074CD7B /* Extentions */,
				3987E3482A585F650074CD7B /* Annotations */,
				3936C6DC2A519373002B42E9 /* AppDelegate.swift */,
				3936C6DE2A519373002B42E9 /* SceneDelegate.swift */,
				3936C6E02A519373002B42E9 /* ViewController.swift */,
				3936C6F02A51B6BF002B42E9 /* SwiftUIView.swift */,
				3936C6E52A519376002B42E9 /* Assets.xcassets */,
				3936C6E72A519376002B42E9 /* LaunchScreen.storyboard */,
				3936C6EA2A519376002B42E9 /* Info.plist */,
			);
			path = NearMeApp;
			sourceTree = "<group>";
		};
		3987E3482A585F650074CD7B /* Annotations */ = {
			isa = PBXGroup;
			children = (
				3987E3492A585F7A0074CD7B /* PlaceAnnotation.swift */,
			);
			path = Annotations;
			sourceTree = "<group>";
		};
		3987E34B2A58604C0074CD7B /* Extentions */ = {
			isa = PBXGroup;
			children = (
				3987E34C2A5860B80074CD7B /* CLLocation+Extension.swift */,
			);
			path = Extentions;
			sourceTree = "<group>";
		};
/* End PBXGroup section */

/* Begin PBXNativeTarget section */
		3936C6D82A519373002B42E9 /* NearMeApp */ = {
			isa = PBXNativeTarget;
			buildConfigurationList = 3936C6ED2A519376002B42E9 /* Build configuration list for PBXNativeTarget "NearMeApp" */;
			buildPhases = (
				3936C6D52A519373002B42E9 /* Sources */,
				3936C6D62A519373002B42E9 /* Frameworks */,
				3936C6D72A519373002B42E9 /* Resources */,
			);
			buildRules = (
			);
			dependencies = (
			);
			name = NearMeApp;
			productName = NearMeApp;
			productReference = 3936C6D92A519373002B42E9 /* NearMeApp.app */;
			productType = "com.apple.product-type.application";
		};
/* End PBXNativeTarget section */

/* Begin PBXProject section */
		3936C6D12A519373002B42E9 /* Project object */ = {
			isa = PBXProject;
			attributes = {
				BuildIndependentTargetsInParallel = 1;
				LastSwiftUpdateCheck = 1410;
				LastUpgradeCheck = 1410;
				TargetAttributes = {
					3936C6D82A519373002B42E9 = {
						CreatedOnToolsVersion = 14.1;
					};
				};
			};
			buildConfigurationList = 3936C6D42A519373002B42E9 /* Build configuration list for PBXProject "NearMeApp" */;
			compatibilityVersion = "Xcode 14.0";
			developmentRegion = en;
			hasScannedForEncodings = 0;
			knownRegions = (
				en,
				Base,
			);
			mainGroup = 3936C6D02A519373002B42E9;
			productRefGroup = 3936C6DA2A519373002B42E9 /* Products */;
			projectDirPath = "";
			projectRoot = "";
			targets = (
				3936C6D82A519373002B42E9 /* NearMeApp */,
			);
		};
/* End PBXProject section */

/* Begin PBXResourcesBuildPhase section */
		3936C6D72A519373002B42E9 /* Resources */ = {
			isa = PBXResourcesBuildPhase;
			buildActionMask = 2147483647;
			files = (
				3936C6E92A519376002B42E9 /* LaunchScreen.storyboard in Resources */,
				3936C6E62A519376002B42E9 /* Assets.xcassets in Resources */,
			);
			runOnlyForDeploymentPostprocessing = 0;
		};
/* End PBXResourcesBuildPhase section */

/* Begin PBXSourcesBuildPhase section */
		3936C6D52A519373002B42E9 /* Sources */ = {
			isa = PBXSourcesBuildPhase;
			buildActionMask = 2147483647;
			files = (
				3936C6E12A519373002B42E9 /* ViewController.swift in Sources */,
				3987E34D2A5860B90074CD7B /* CLLocation+Extension.swift in Sources */,
				3936C6DD2A519373002B42E9 /* AppDelegate.swift in Sources */,
				3987E34A2A585F7A0074CD7B /* PlaceAnnotation.swift in Sources */,
				3936C6F12A51B6BF002B42E9 /* SwiftUIView.swift in Sources */,
				3936C6DF2A519373002B42E9 /* SceneDelegate.swift in Sources */,
			);
			runOnlyForDeploymentPostprocessing = 0;
		};
/* End PBXSourcesBuildPhase section */

/* Begin PBXVariantGroup section */
		3936C6E72A519376002B42E9 /* LaunchScreen.storyboard */ = {
			isa = PBXVariantGroup;
			children = (
				3936C6E82A519376002B42E9 /* Base */,
			);
			name = LaunchScreen.storyboard;
			sourceTree = "<group>";
		};
/* End PBXVariantGroup section */

/* Begin XCBuildConfiguration section */
		3936C6EB2A519376002B42E9 /* Debug */ = {
			isa = XCBuildConfiguration;
			buildSettings = {
				ALWAYS_SEARCH_USER_PATHS = NO;
				CLANG_ANALYZER_NONNULL = YES;
				CLANG_ANALYZER_NUMBER_OBJECT_CONVERSION = YES_AGGRESSIVE;
				CLANG_CXX_LANGUAGE_STANDARD = "gnu++20";
				CLANG_ENABLE_MODULES = YES;
				CLANG_ENABLE_OBJC_ARC = YES;
				CLANG_ENABLE_OBJC_WEAK = YES;
				CLANG_WARN_BLOCK_CAPTURE_AUTORELEASING = YES;
				CLANG_WARN_BOOL_CONVERSION = YES;
				CLANG_WARN_COMMA = YES;
				CLANG_WARN_CONSTANT_CONVERSION = YES;
				CLANG_WARN_DEPRECATED_OBJC_IMPLEMENTATIONS = YES;
				CLANG_WARN_DIRECT_OBJC_ISA_USAGE = YES_ERROR;
				CLANG_WARN_DOCUMENTATION_COMMENTS = YES;
				CLANG_WARN_EMPTY_BODY = YES;
				CLANG_WARN_ENUM_CONVERSION = YES;
				CLANG_WARN_INFINITE_RECURSION = YES;
				CLANG_WARN_INT_CONVERSION = YES;
				CLANG_WARN_NON_LITERAL_NULL_CONVERSION = YES;
				CLANG_WARN_OBJC_IMPLICIT_RETAIN_SELF = YES;
				CLANG_WARN_OBJC_LITERAL_CONVERSION = YES;
				CLANG_WARN_OBJC_ROOT_CLASS = YES_ERROR;
				CLANG_WARN_QUOTED_INCLUDE_IN_FRAMEWORK_HEADER = YES;
				CLANG_WARN_RANGE_LOOP_ANALYSIS = YES;
				CLANG_WARN_STRICT_PROTOTYPES = YES;
				CLANG_WARN_SUSPICIOUS_MOVE = YES;
				CLANG_WARN_UNGUARDED_AVAILABILITY = YES_AGGRESSIVE;
				CLANG_WARN_UNREACHABLE_CODE = YES;
				CLANG_WARN__DUPLICATE_METHOD_MATCH = YES;
				COPY_PHASE_STRIP = NO;
				DEBUG_INFORMATION_FORMAT = dwarf;
				ENABLE_STRICT_OBJC_MSGSEND = YES;
				ENABLE_TESTABILITY = YES;
				GCC_C_LANGUAGE_STANDARD = gnu11;
				GCC_DYNAMIC_NO_PIC = NO;
				GCC_NO_COMMON_BLOCKS = YES;
				GCC_OPTIMIZATION_LEVEL = 0;
				GCC_PREPROCESSOR_DEFINITIONS = (
					"DEBUG=1",
					"$(inherited)",
				);
				GCC_WARN_64_TO_32_BIT_CONVERSION = YES;
				GCC_WARN_ABOUT_RETURN_TYPE = YES_ERROR;
				GCC_WARN_UNDECLARED_SELECTOR = YES;
				GCC_WARN_UNINITIALIZED_AUTOS = YES_AGGRESSIVE;
				GCC_WARN_UNUSED_FUNCTION = YES;
				GCC_WARN_UNUSED_VARIABLE = YES;
				IPHONEOS_DEPLOYMENT_TARGET = 16.1;
				MTL_ENABLE_DEBUG_INFO = INCLUDE_SOURCE;
				MTL_FAST_MATH = YES;
				ONLY_ACTIVE_ARCH = YES;
				SDKROOT = iphoneos;
				SWIFT_ACTIVE_COMPILATION_CONDITIONS = DEBUG;
				SWIFT_OPTIMIZATION_LEVEL = "-Onone";
			};
			name = Debug;
		};
		3936C6EC2A519376002B42E9 /* Release */ = {
			isa = XCBuildConfiguration;
			buildSettings = {
				ALWAYS_SEARCH_USER_PATHS = NO;
				CLANG_ANALYZER_NONNULL = YES;
				CLANG_ANALYZER_NUMBER_OBJECT_CONVERSION = YES_AGGRESSIVE;
				CLANG_CXX_LANGUAGE_STANDARD = "gnu++20";
				CLANG_ENABLE_MODULES = YES;
				CLANG_ENABLE_OBJC_ARC = YES;
				CLANG_ENABLE_OBJC_WEAK = YES;
				CLANG_WARN_BLOCK_CAPTURE_AUTORELEASING = YES;
				CLANG_WARN_BOOL_CONVERSION = YES;
				CLANG_WARN_COMMA = YES;
				CLANG_WARN_CONSTANT_CONVERSION = YES;
				CLANG_WARN_DEPRECATED_OBJC_IMPLEMENTATIONS = YES;
				CLANG_WARN_DIRECT_OBJC_ISA_USAGE = YES_ERROR;
				CLANG_WARN_DOCUMENTATION_COMMENTS = YES;
				CLANG_WARN_EMPTY_BODY = YES;
				CLANG_WARN_ENUM_CONVERSION = YES;
				CLANG_WARN_INFINITE_RECURSION = YES;
				CLANG_WARN_INT_CONVERSION = YES;
				CLANG_WARN_NON_LITERAL_NULL_CONVERSION = YES;
				CLANG_WARN_OBJC_IMPLICIT_RETAIN_SELF = YES;
				CLANG_WARN_OBJC_LITERAL_CONVERSION = YES;
				CLANG_WARN_OBJC_ROOT_CLASS = YES_ERROR;
				CLANG_WARN_QUOTED_INCLUDE_IN_FRAMEWORK_HEADER = YES;
				CLANG_WARN_RANGE_LOOP_ANALYSIS = YES;
				CLANG_WARN_STRICT_PROTOTYPES = YES;
				CLANG_WARN_SUSPICIOUS_MOVE = YES;
				CLANG_WARN_UNGUARDED_AVAILABILITY = YES_AGGRESSIVE;
				CLANG_WARN_UNREACHABLE_CODE = YES;
				CLANG_WARN__DUPLICATE_METHOD_MATCH = YES;
				COPY_PHASE_STRIP = NO;
				DEBUG_INFORMATION_FORMAT = "dwarf-with-dsym";
				ENABLE_NS_ASSERTIONS = NO;
				ENABLE_STRICT_OBJC_MSGSEND = YES;
				GCC_C_LANGUAGE_STANDARD = gnu11;
				GCC_NO_COMMON_BLOCKS = YES;
				GCC_WARN_64_TO_32_BIT_CONVERSION = YES;
				GCC_WARN_ABOUT_RETURN_TYPE = YES_ERROR;
				GCC_WARN_UNDECLARED_SELECTOR = YES;
				GCC_WARN_UNINITIALIZED_AUTOS = YES_AGGRESSIVE;
				GCC_WARN_UNUSED_FUNCTION = YES;
				GCC_WARN_UNUSED_VARIABLE = YES;
				IPHONEOS_DEPLOYMENT_TARGET = 16.1;
				MTL_ENABLE_DEBUG_INFO = NO;
				MTL_FAST_MATH = YES;
				SDKROOT = iphoneos;
				SWIFT_COMPILATION_MODE = wholemodule;
				SWIFT_OPTIMIZATION_LEVEL = "-O";
				VALIDATE_PRODUCT = YES;
			};
			name = Release;
		};
		3936C6EE2A519376002B42E9 /* Debug */ = {
			isa = XCBuildConfiguration;
			buildSettings = {
				ASSETCATALOG_COMPILER_APPICON_NAME = AppIcon;
				ASSETCATALOG_COMPILER_GLOBAL_ACCENT_COLOR_NAME = AccentColor;
				CODE_SIGN_STYLE = Automatic;
				CURRENT_PROJECT_VERSION = 1;
				DEVELOPMENT_TEAM = R88QX5B8GT;
				GENERATE_INFOPLIST_FILE = YES;
				INFOPLIST_FILE = NearMeApp/Info.plist;
				INFOPLIST_KEY_NSLocationAlwaysAndWhenInUseUsageDescription = "NearMe required location so it can offer nearby points of interests";
				INFOPLIST_KEY_NSLocationWhenInUseUsageDescription = "NearMe required location so it can offer nearby points of interests";
				INFOPLIST_KEY_UIApplicationSupportsIndirectInputEvents = YES;
				INFOPLIST_KEY_UILaunchStoryboardName = LaunchScreen;
				INFOPLIST_KEY_UISupportedInterfaceOrientations_iPad = "UIInterfaceOrientationPortrait UIInterfaceOrientationPortraitUpsideDown UIInterfaceOrientationLandscapeLeft UIInterfaceOrientationLandscapeRight";
				INFOPLIST_KEY_UISupportedInterfaceOrientations_iPhone = "UIInterfaceOrientationPortrait UIInterfaceOrientationLandscapeLeft UIInterfaceOrientationLandscapeRight";
				LD_RUNPATH_SEARCH_PATHS = (
					"$(inherited)",
					"@executable_path/Frameworks",
				);
				MARKETING_VERSION = 1.0;
				PRODUCT_BUNDLE_IDENTIFIER = com.kodx.NearMeApp;
				PRODUCT_NAME = "$(TARGET_NAME)";
				SWIFT_EMIT_LOC_STRINGS = YES;
				SWIFT_VERSION = 5.0;
				TARGETED_DEVICE_FAMILY = "1,2";
			};
			name = Debug;
		};
		3936C6EF2A519376002B42E9 /* Release */ = {
			isa = XCBuildConfiguration;
			buildSettings = {
				ASSETCATALOG_COMPILER_APPICON_NAME = AppIcon;
				ASSETCATALOG_COMPILER_GLOBAL_ACCENT_COLOR_NAME = AccentColor;
				CODE_SIGN_STYLE = Automatic;
				CURRENT_PROJECT_VERSION = 1;
				DEVELOPMENT_TEAM = R88QX5B8GT;
				GENERATE_INFOPLIST_FILE = YES;
				INFOPLIST_FILE = NearMeApp/Info.plist;
				INFOPLIST_KEY_NSLocationAlwaysAndWhenInUseUsageDescription = "NearMe required location so it can offer nearby points of interests";
				INFOPLIST_KEY_NSLocationWhenInUseUsageDescription = "NearMe required location so it can offer nearby points of interests";
				INFOPLIST_KEY_UIApplicationSupportsIndirectInputEvents = YES;
				INFOPLIST_KEY_UILaunchStoryboardName = LaunchScreen;
				INFOPLIST_KEY_UISupportedInterfaceOrientations_iPad = "UIInterfaceOrientationPortrait UIInterfaceOrientationPortraitUpsideDown UIInterfaceOrientationLandscapeLeft UIInterfaceOrientationLandscapeRight";
				INFOPLIST_KEY_UISupportedInterfaceOrientations_iPhone = "UIInterfaceOrientationPortrait UIInterfaceOrientationLandscapeLeft UIInterfaceOrientationLandscapeRight";
				LD_RUNPATH_SEARCH_PATHS = (
					"$(inherited)",
					"@executable_path/Frameworks",
				);
				MARKETING_VERSION = 1.0;
				PRODUCT_BUNDLE_IDENTIFIER = com.kodx.NearMeApp;
				PRODUCT_NAME = "$(TARGET_NAME)";
				SWIFT_EMIT_LOC_STRINGS = YES;
				SWIFT_VERSION = 5.0;
				TARGETED_DEVICE_FAMILY = "1,2";
			};
			name = Release;
		};
/* End XCBuildConfiguration section */

/* Begin XCConfigurationList section */
		3936C6D42A519373002B42E9 /* Build configuration list for PBXProject "NearMeApp" */ = {
			isa = XCConfigurationList;
			buildConfigurations = (
				3936C6EB2A519376002B42E9 /* Debug */,
				3936C6EC2A519376002B42E9 /* Release */,
			);
			defaultConfigurationIsVisible = 0;
			defaultConfigurationName = Release;
		};
		3936C6ED2A519376002B42E9 /* Build configuration list for PBXNativeTarget "NearMeApp" */ = {
			isa = XCConfigurationList;
			buildConfigurations = (
				3936C6EE2A519376002B42E9 /* Debug */,
				3936C6EF2A519376002B42E9 /* Release */,
			);
			defaultConfigurationIsVisible = 0;
			defaultConfigurationName = Release;
		};
/* End XCConfigurationList section */
	};
	rootObject = 3936C6D12A519373002B42E9 /* Project object */;
}
